{
  "name": "example",
  "version": "1.0.0",
  "lockfileVersion": 2,
  "requires": true,
  "packages": {
    "": {
      "version": "1.0.0",
      "license": "MIT",
      "dependencies": {
        "qiscus-unofficial": "file:.."
      }
    },
    "..": {
      "name": "qiscus-unofficial",
      "version": "1.0.0",
      "license": "MIT",
      "dependencies": {
        "axios": "^0.21.4"
      },
      "devDependencies": {
        "eslint": "^6.0.0"
      }
    },
    "node_modules/qiscus-unofficial": {
      "resolved": "..",
      "link": true
    }
  },
  "dependencies": {
    "qiscus-unofficial": {
      "version": "file:..",
      "requires": {
        "axios": "^0.21.4",
        "eslint": "^6.0.0"
      }
    }
  }
}
